// !$*UTF8*$!
{
	archiveVersion = 1;
	classes = {
	};
	objectVersion = 77;
	objects = {

/* Begin PBXBuildFile section */
		8ABE13CD2D350ABE00D84DAF /* FirebaseAnalytics in Frameworks */ = {isa = PBXBuildFile; productRef = 8ABE13CC2D350ABE00D84DAF /* FirebaseAnalytics */; };
		8ABE13CF2D350ABE00D84DAF /* FirebaseAnalyticsOnDeviceConversion in Frameworks */ = {isa = PBXBuildFile; productRef = 8ABE13CE2D350ABE00D84DAF /* FirebaseAnalyticsOnDeviceConversion */; };
		8ABE13D12D350ABE00D84DAF /* FirebaseAnalyticsWithoutAdIdSupport in Frameworks */ = {isa = PBXBuildFile; productRef = 8ABE13D02D350ABE00D84DAF /* FirebaseAnalyticsWithoutAdIdSupport */; };
		8ABE13D32D350ABE00D84DAF /* FirebaseAppCheck in Frameworks */ = {isa = PBXBuildFile; productRef = 8ABE13D22D350ABE00D84DAF /* FirebaseAppCheck */; };
		8ABE13D52D350ABE00D84DAF /* FirebaseAppDistribution-Beta in Frameworks */ = {isa = PBXBuildFile; productRef = 8ABE13D42D350ABE00D84DAF /* FirebaseAppDistribution-Beta */; };
		8ABE140F2D35BFD900D84DAF /* FirebaseAuth in Frameworks */ = {isa = PBXBuildFile; productRef = 8ABE140E2D35BFD900D84DAF /* FirebaseAuth */; };
		8ABE14112D35C1EB00D84DAF /* FirebaseFirestore in Frameworks */ = {isa = PBXBuildFile; productRef = 8ABE14102D35C1EB00D84DAF /* FirebaseFirestore */; };
/* End PBXBuildFile section */

/* Begin PBXContainerItemProxy section */
		8A7DB9DD2D34FB1900952FF5 /* PBXContainerItemProxy */ = {
			isa = PBXContainerItemProxy;
			containerPortal = 8A7DB9C42D34FB1600952FF5 /* Project object */;
			proxyType = 1;
			remoteGlobalIDString = 8A7DB9CB2D34FB1600952FF5;
			remoteInfo = GymReps;
		};
		8A7DB9E72D34FB1900952FF5 /* PBXContainerItemProxy */ = {
			isa = PBXContainerItemProxy;
			containerPortal = 8A7DB9C42D34FB1600952FF5 /* Project object */;
			proxyType = 1;
			remoteGlobalIDString = 8A7DB9CB2D34FB1600952FF5;
			remoteInfo = GymReps;
		};
/* End PBXContainerItemProxy section */

/* Begin PBXFileReference section */
		8A7DB9CC2D34FB1600952FF5 /* GymReps.app */ = {isa = PBXFileReference; explicitFileType = wrapper.application; includeInIndex = 0; path = GymReps.app; sourceTree = BUILT_PRODUCTS_DIR; };
		8A7DB9DC2D34FB1900952FF5 /* GymRepsTests.xctest */ = {isa = PBXFileReference; explicitFileType = wrapper.cfbundle; includeInIndex = 0; path = GymRepsTests.xctest; sourceTree = BUILT_PRODUCTS_DIR; };
		8A7DB9E62D34FB1900952FF5 /* GymRepsUITests.xctest */ = {isa = PBXFileReference; explicitFileType = wrapper.cfbundle; includeInIndex = 0; path = GymRepsUITests.xctest; sourceTree = BUILT_PRODUCTS_DIR; };
/* End PBXFileReference section */

/* Begin PBXFileSystemSynchronizedRootGroup section */
		8A7DB9CE2D34FB1600952FF5 /* GymReps */ = {
			isa = PBXFileSystemSynchronizedRootGroup;
			path = GymReps;
			sourceTree = "<group>";
		};
		8A7DB9DF2D34FB1900952FF5 /* GymRepsTests */ = {
			isa = PBXFileSystemSynchronizedRootGroup;
			path = GymRepsTests;
			sourceTree = "<group>";
		};
		8A7DB9E92D34FB1900952FF5 /* GymRepsUITests */ = {
			isa = PBXFileSystemSynchronizedRootGroup;
			path = GymRepsUITests;
			sourceTree = "<group>";
		};
/* End PBXFileSystemSynchronizedRootGroup section */

/* Begin PBXFrameworksBuildPhase section */
		8A7DB9C92D34FB1600952FF5 /* Frameworks */ = {
			isa = PBXFrameworksBuildPhase;
			buildActionMask = 2147483647;
			files = (
				8ABE13D32D350ABE00D84DAF /* FirebaseAppCheck in Frameworks */,
				8ABE140F2D35BFD900D84DAF /* FirebaseAuth in Frameworks */,
				8ABE13CD2D350ABE00D84DAF /* FirebaseAnalytics in Frameworks */,
				8ABE13D52D350ABE00D84DAF /* FirebaseAppDistribution-Beta in Frameworks */,
				8ABE13D12D350ABE00D84DAF /* FirebaseAnalyticsWithoutAdIdSupport in Frameworks */,
				8ABE13CF2D350ABE00D84DAF /* FirebaseAnalyticsOnDeviceConversion in Frameworks */,
				8ABE14112D35C1EB00D84DAF /* FirebaseFirestore in Frameworks */,
			);
			runOnlyForDeploymentPostprocessing = 0;
		};
		8A7DB9D92D34FB1900952FF5 /* Frameworks */ = {
			isa = PBXFrameworksBuildPhase;
			buildActionMask = 2147483647;
			files = (
			);
			runOnlyForDeploymentPostprocessing = 0;
		};
		8A7DB9E32D34FB1900952FF5 /* Frameworks */ = {
			isa = PBXFrameworksBuildPhase;
			buildActionMask = 2147483647;
			files = (
			);
			runOnlyForDeploymentPostprocessing = 0;
		};
/* End PBXFrameworksBuildPhase section */

/* Begin PBXGroup section */
		8A7DB9C32D34FB1600952FF5 = {
			isa = PBXGroup;
			children = (
				8A7DB9CE2D34FB1600952FF5 /* GymReps */,
				8A7DB9DF2D34FB1900952FF5 /* GymRepsTests */,
				8A7DB9E92D34FB1900952FF5 /* GymRepsUITests */,
				8ABE140D2D35BFD900D84DAF /* Frameworks */,
				8A7DB9CD2D34FB1600952FF5 /* Products */,
			);
			sourceTree = "<group>";
		};
		8A7DB9CD2D34FB1600952FF5 /* Products */ = {
			isa = PBXGroup;
			children = (
				8A7DB9CC2D34FB1600952FF5 /* GymReps.app */,
				8A7DB9DC2D34FB1900952FF5 /* GymRepsTests.xctest */,
				8A7DB9E62D34FB1900952FF5 /* GymRepsUITests.xctest */,
			);
			name = Products;
			sourceTree = "<group>";
		};
		8ABE140D2D35BFD900D84DAF /* Frameworks */ = {
			isa = PBXGroup;
			children = (
			);
			name = Frameworks;
			sourceTree = "<group>";
		};
/* End PBXGroup section */

/* Begin PBXNativeTarget section */
		8A7DB9CB2D34FB1600952FF5 /* GymReps */ = {
			isa = PBXNativeTarget;
			buildConfigurationList = 8A7DB9F02D34FB1900952FF5 /* Build configuration list for PBXNativeTarget "GymReps" */;
			buildPhases = (
				8A7DB9C82D34FB1600952FF5 /* Sources */,
				8A7DB9C92D34FB1600952FF5 /* Frameworks */,
				8A7DB9CA2D34FB1600952FF5 /* Resources */,
			);
			buildRules = (
			);
			dependencies = (
			);
			fileSystemSynchronizedGroups = (
				8A7DB9CE2D34FB1600952FF5 /* GymReps */,
			);
			name = GymReps;
			packageProductDependencies = (
				8ABE13CC2D350ABE00D84DAF /* FirebaseAnalytics */,
				8ABE13CE2D350ABE00D84DAF /* FirebaseAnalyticsOnDeviceConversion */,
				8ABE13D02D350ABE00D84DAF /* FirebaseAnalyticsWithoutAdIdSupport */,
				8ABE13D22D350ABE00D84DAF /* FirebaseAppCheck */,
				8ABE13D42D350ABE00D84DAF /* FirebaseAppDistribution-Beta */,
				8ABE140E2D35BFD900D84DAF /* FirebaseAuth */,
				8ABE14102D35C1EB00D84DAF /* FirebaseFirestore */,
			);
			productName = GymReps;
			productReference = 8A7DB9CC2D34FB1600952FF5 /* GymReps.app */;
			productType = "com.apple.product-type.application";
		};
		8A7DB9DB2D34FB1900952FF5 /* GymRepsTests */ = {
			isa = PBXNativeTarget;
			buildConfigurationList = 8A7DB9F32D34FB1900952FF5 /* Build configuration list for PBXNativeTarget "GymRepsTests" */;
			buildPhases = (
				8A7DB9D82D34FB1900952FF5 /* Sources */,
				8A7DB9D92D34FB1900952FF5 /* Frameworks */,
				8A7DB9DA2D34FB1900952FF5 /* Resources */,
			);
			buildRules = (
			);
			dependencies = (
				8A7DB9DE2D34FB1900952FF5 /* PBXTargetDependency */,
			);
			fileSystemSynchronizedGroups = (
				8A7DB9DF2D34FB1900952FF5 /* GymRepsTests */,
			);
			name = GymRepsTests;
			packageProductDependencies = (
			);
			productName = GymRepsTests;
			productReference = 8A7DB9DC2D34FB1900952FF5 /* GymRepsTests.xctest */;
			productType = "com.apple.product-type.bundle.unit-test";
		};
		8A7DB9E52D34FB1900952FF5 /* GymRepsUITests */ = {
			isa = PBXNativeTarget;
			buildConfigurationList = 8A7DB9F62D34FB1900952FF5 /* Build configuration list for PBXNativeTarget "GymRepsUITests" */;
			buildPhases = (
				8A7DB9E22D34FB1900952FF5 /* Sources */,
				8A7DB9E32D34FB1900952FF5 /* Frameworks */,
				8A7DB9E42D34FB1900952FF5 /* Resources */,
			);
			buildRules = (
			);
			dependencies = (
				8A7DB9E82D34FB1900952FF5 /* PBXTargetDependency */,
			);
			fileSystemSynchronizedGroups = (
				8A7DB9E92D34FB1900952FF5 /* GymRepsUITests */,
			);
			name = GymRepsUITests;
			packageProductDependencies = (
			);
			productName = GymRepsUITests;
			productReference = 8A7DB9E62D34FB1900952FF5 /* GymRepsUITests.xctest */;
			productType = "com.apple.product-type.bundle.ui-testing";
		};
/* End PBXNativeTarget section */

/* Begin PBXProject section */
		8A7DB9C42D34FB1600952FF5 /* Project object */ = {
			isa = PBXProject;
			attributes = {
				BuildIndependentTargetsInParallel = 1;
				LastSwiftUpdateCheck = 1620;
				LastUpgradeCheck = 1620;
				TargetAttributes = {
					8A7DB9CB2D34FB1600952FF5 = {
						CreatedOnToolsVersion = 16.2;
					};
					8A7DB9DB2D34FB1900952FF5 = {
						CreatedOnToolsVersion = 16.2;
						TestTargetID = 8A7DB9CB2D34FB1600952FF5;
					};
					8A7DB9E52D34FB1900952FF5 = {
						CreatedOnToolsVersion = 16.2;
						TestTargetID = 8A7DB9CB2D34FB1600952FF5;
					};
				};
			};
			buildConfigurationList = 8A7DB9C72D34FB1600952FF5 /* Build configuration list for PBXProject "GymReps" */;
			developmentRegion = en;
			hasScannedForEncodings = 0;
			knownRegions = (
				en,
				Base,
			);
			mainGroup = 8A7DB9C32D34FB1600952FF5;
			minimizedProjectReferenceProxies = 1;
			packageReferences = (
				8ABE13CB2D350A8200D84DAF /* XCRemoteSwiftPackageReference "firebase-ios-sdk" */,
			);
			preferredProjectObjectVersion = 77;
			productRefGroup = 8A7DB9CD2D34FB1600952FF5 /* Products */;
			projectDirPath = "";
			projectRoot = "";
			targets = (
				8A7DB9CB2D34FB1600952FF5 /* GymReps */,
				8A7DB9DB2D34FB1900952FF5 /* GymRepsTests */,
				8A7DB9E52D34FB1900952FF5 /* GymRepsUITests */,
			);
		};
/* End PBXProject section */

/* Begin PBXResourcesBuildPhase section */
		8A7DB9CA2D34FB1600952FF5 /* Resources */ = {
			isa = PBXResourcesBuildPhase;
			buildActionMask = 2147483647;
			files = (
			);
			runOnlyForDeploymentPostprocessing = 0;
		};
		8A7DB9DA2D34FB1900952FF5 /* Resources */ = {
			isa = PBXResourcesBuildPhase;
			buildActionMask = 2147483647;
			files = (
			);
			runOnlyForDeploymentPostprocessing = 0;
		};
		8A7DB9E42D34FB1900952FF5 /* Resources */ = {
			isa = PBXResourcesBuildPhase;
			buildActionMask = 2147483647;
			files = (
			);
			runOnlyForDeploymentPostprocessing = 0;
		};
/* End PBXResourcesBuildPhase section */

/* Begin PBXSourcesBuildPhase section */
		8A7DB9C82D34FB1600952FF5 /* Sources */ = {
			isa = PBXSourcesBuildPhase;
			buildActionMask = 2147483647;
			files = (
			);
			runOnlyForDeploymentPostprocessing = 0;
		};
		8A7DB9D82D34FB1900952FF5 /* Sources */ = {
			isa = PBXSourcesBuildPhase;
			buildActionMask = 2147483647;
			files = (
			);
			runOnlyForDeploymentPostprocessing = 0;
		};
		8A7DB9E22D34FB1900952FF5 /* Sources */ = {
			isa = PBXSourcesBuildPhase;
			buildActionMask = 2147483647;
			files = (
			);
			runOnlyForDeploymentPostprocessing = 0;
		};
/* End PBXSourcesBuildPhase section */

/* Begin PBXTargetDependency section */
		8A7DB9DE2D34FB1900952FF5 /* PBXTargetDependency */ = {
			isa = PBXTargetDependency;
			target = 8A7DB9CB2D34FB1600952FF5 /* GymReps */;
			targetProxy = 8A7DB9DD2D34FB1900952FF5 /* PBXContainerItemProxy */;
		};
		8A7DB9E82D34FB1900952FF5 /* PBXTargetDependency */ = {
			isa = PBXTargetDependency;
			target = 8A7DB9CB2D34FB1600952FF5 /* GymReps */;
			targetProxy = 8A7DB9E72D34FB1900952FF5 /* PBXContainerItemProxy */;
		};
/* End PBXTargetDependency section */

/* Begin XCBuildConfiguration section */
		8A7DB9EE2D34FB1900952FF5 /* Debug */ = {
			isa = XCBuildConfiguration;
			buildSettings = {
				ALWAYS_SEARCH_USER_PATHS = NO;
				ASSETCATALOG_COMPILER_GENERATE_SWIFT_ASSET_SYMBOL_EXTENSIONS = YES;
				CLANG_ANALYZER_NONNULL = YES;
				CLANG_ANALYZER_NUMBER_OBJECT_CONVERSION = YES_AGGRESSIVE;
				CLANG_CXX_LANGUAGE_STANDARD = "gnu++20";
				CLANG_ENABLE_MODULES = YES;
				CLANG_ENABLE_OBJC_ARC = YES;
				CLANG_ENABLE_OBJC_WEAK = YES;
				CLANG_WARN_BLOCK_CAPTURE_AUTORELEASING = YES;
				CLANG_WARN_BOOL_CONVERSION = YES;
				CLANG_WARN_COMMA = YES;
				CLANG_WARN_CONSTANT_CONVERSION = YES;
				CLANG_WARN_DEPRECATED_OBJC_IMPLEMENTATIONS = YES;
				CLANG_WARN_DIRECT_OBJC_ISA_USAGE = YES_ERROR;
				CLANG_WARN_DOCUMENTATION_COMMENTS = YES;
				CLANG_WARN_EMPTY_BODY = YES;
				CLANG_WARN_ENUM_CONVERSION = YES;
				CLANG_WARN_INFINITE_RECURSION = YES;
				CLANG_WARN_INT_CONVERSION = YES;
				CLANG_WARN_NON_LITERAL_NULL_CONVERSION = YES;
				CLANG_WARN_OBJC_IMPLICIT_RETAIN_SELF = YES;
				CLANG_WARN_OBJC_LITERAL_CONVERSION = YES;
				CLANG_WARN_OBJC_ROOT_CLASS = YES_ERROR;
				CLANG_WARN_QUOTED_INCLUDE_IN_FRAMEWORK_HEADER = YES;
				CLANG_WARN_RANGE_LOOP_ANALYSIS = YES;
				CLANG_WARN_STRICT_PROTOTYPES = YES;
				CLANG_WARN_SUSPICIOUS_MOVE = YES;
				CLANG_WARN_UNGUARDED_AVAILABILITY = YES_AGGRESSIVE;
				CLANG_WARN_UNREACHABLE_CODE = YES;
				CLANG_WARN__DUPLICATE_METHOD_MATCH = YES;
				COPY_PHASE_STRIP = NO;
				DEBUG_INFORMATION_FORMAT = dwarf;
				ENABLE_STRICT_OBJC_MSGSEND = YES;
				ENABLE_TESTABILITY = YES;
				ENABLE_USER_SCRIPT_SANDBOXING = YES;
				GCC_C_LANGUAGE_STANDARD = gnu17;
				GCC_DYNAMIC_NO_PIC = NO;
				GCC_NO_COMMON_BLOCKS = YES;
				GCC_OPTIMIZATION_LEVEL = 0;
				GCC_PREPROCESSOR_DEFINITIONS = (
					"DEBUG=1",
					"$(inherited)",
				);
				GCC_WARN_64_TO_32_BIT_CONVERSION = YES;
				GCC_WARN_ABOUT_RETURN_TYPE = YES_ERROR;
				GCC_WARN_UNDECLARED_SELECTOR = YES;
				GCC_WARN_UNINITIALIZED_AUTOS = YES_AGGRESSIVE;
				GCC_WARN_UNUSED_FUNCTION = YES;
				GCC_WARN_UNUSED_VARIABLE = YES;
				IPHONEOS_DEPLOYMENT_TARGET = 18.2;
				LOCALIZATION_PREFERS_STRING_CATALOGS = YES;
				MTL_ENABLE_DEBUG_INFO = INCLUDE_SOURCE;
				MTL_FAST_MATH = YES;
				ONLY_ACTIVE_ARCH = YES;
				SDKROOT = iphoneos;
				SWIFT_ACTIVE_COMPILATION_CONDITIONS = "DEBUG $(inherited)";
				SWIFT_OPTIMIZATION_LEVEL = "-Onone";
			};
			name = Debug;
		};
		8A7DB9EF2D34FB1900952FF5 /* Release */ = {
			isa = XCBuildConfiguration;
			buildSettings = {
				ALWAYS_SEARCH_USER_PATHS = NO;
				ASSETCATALOG_COMPILER_GENERATE_SWIFT_ASSET_SYMBOL_EXTENSIONS = YES;
				CLANG_ANALYZER_NONNULL = YES;
				CLANG_ANALYZER_NUMBER_OBJECT_CONVERSION = YES_AGGRESSIVE;
				CLANG_CXX_LANGUAGE_STANDARD = "gnu++20";
				CLANG_ENABLE_MODULES = YES;
				CLANG_ENABLE_OBJC_ARC = YES;
				CLANG_ENABLE_OBJC_WEAK = YES;
				CLANG_WARN_BLOCK_CAPTURE_AUTORELEASING = YES;
				CLANG_WARN_BOOL_CONVERSION = YES;
				CLANG_WARN_COMMA = YES;
				CLANG_WARN_CONSTANT_CONVERSION = YES;
				CLANG_WARN_DEPRECATED_OBJC_IMPLEMENTATIONS = YES;
				CLANG_WARN_DIRECT_OBJC_ISA_USAGE = YES_ERROR;
				CLANG_WARN_DOCUMENTATION_COMMENTS = YES;
				CLANG_WARN_EMPTY_BODY = YES;
				CLANG_WARN_ENUM_CONVERSION = YES;
				CLANG_WARN_INFINITE_RECURSION = YES;
				CLANG_WARN_INT_CONVERSION = YES;
				CLANG_WARN_NON_LITERAL_NULL_CONVERSION = YES;
				CLANG_WARN_OBJC_IMPLICIT_RETAIN_SELF = YES;
				CLANG_WARN_OBJC_LITERAL_CONVERSION = YES;
				CLANG_WARN_OBJC_ROOT_CLASS = YES_ERROR;
				CLANG_WARN_QUOTED_INCLUDE_IN_FRAMEWORK_HEADER = YES;
				CLANG_WARN_RANGE_LOOP_ANALYSIS = YES;
				CLANG_WARN_STRICT_PROTOTYPES = YES;
				CLANG_WARN_SUSPICIOUS_MOVE = YES;
				CLANG_WARN_UNGUARDED_AVAILABILITY = YES_AGGRESSIVE;
				CLANG_WARN_UNREACHABLE_CODE = YES;
				CLANG_WARN__DUPLICATE_METHOD_MATCH = YES;
				COPY_PHASE_STRIP = NO;
				DEBUG_INFORMATION_FORMAT = "dwarf-with-dsym";
				ENABLE_NS_ASSERTIONS = NO;
				ENABLE_STRICT_OBJC_MSGSEND = YES;
				ENABLE_USER_SCRIPT_SANDBOXING = YES;
				GCC_C_LANGUAGE_STANDARD = gnu17;
				GCC_NO_COMMON_BLOCKS = YES;
				GCC_WARN_64_TO_32_BIT_CONVERSION = YES;
				GCC_WARN_ABOUT_RETURN_TYPE = YES_ERROR;
				GCC_WARN_UNDECLARED_SELECTOR = YES;
				GCC_WARN_UNINITIALIZED_AUTOS = YES_AGGRESSIVE;
				GCC_WARN_UNUSED_FUNCTION = YES;
				GCC_WARN_UNUSED_VARIABLE = YES;
				IPHONEOS_DEPLOYMENT_TARGET = 18.2;
				LOCALIZATION_PREFERS_STRING_CATALOGS = YES;
				MTL_ENABLE_DEBUG_INFO = NO;
				MTL_FAST_MATH = YES;
				SDKROOT = iphoneos;
				SWIFT_COMPILATION_MODE = wholemodule;
				VALIDATE_PRODUCT = YES;
			};
			name = Release;
		};
		8A7DB9F12D34FB1900952FF5 /* Debug */ = {
			isa = XCBuildConfiguration;
			buildSettings = {
				ASSETCATALOG_COMPILER_APPICON_NAME = AppIcon;
				ASSETCATALOG_COMPILER_GLOBAL_ACCENT_COLOR_NAME = AccentColor;
				CODE_SIGN_STYLE = Automatic;
				CURRENT_PROJECT_VERSION = 1;
				DEVELOPMENT_ASSET_PATHS = "\"GymReps/Preview Content\"";
				ENABLE_PREVIEWS = YES;
				GENERATE_INFOPLIST_FILE = YES;
				INFOPLIST_KEY_CFBundleDisplayName = "Gym Reps Tracker";
				INFOPLIST_KEY_UIApplicationSceneManifest_Generation = YES;
				INFOPLIST_KEY_UIApplicationSupportsIndirectInputEvents = YES;
				INFOPLIST_KEY_UILaunchScreen_Generation = YES;
				INFOPLIST_KEY_UISupportedInterfaceOrientations = UIInterfaceOrientationPortrait;
				LD_RUNPATH_SEARCH_PATHS = (
					"$(inherited)",
					"@executable_path/Frameworks",
				);
				MARKETING_VERSION = 1.0;
				PRODUCT_BUNDLE_IDENTIFIER = Karim.GymReps;
				PRODUCT_NAME = "$(TARGET_NAME)";
				SWIFT_EMIT_LOC_STRINGS = YES;
				SWIFT_VERSION = 5.0;
				TARGETED_DEVICE_FAMILY = "1,2";
			};
			name = Debug;
		};
		8A7DB9F22D34FB1900952FF5 /* Release */ = {
			isa = XCBuildConfiguration;
			buildSettings = {
				ASSETCATALOG_COMPILER_APPICON_NAME = AppIcon;
				ASSETCATALOG_COMPILER_GLOBAL_ACCENT_COLOR_NAME = AccentColor;
				CODE_SIGN_STYLE = Automatic;
				CURRENT_PROJECT_VERSION = 1;
				DEVELOPMENT_ASSET_PATHS = "\"GymReps/Preview Content\"";
				ENABLE_PREVIEWS = YES;
				GENERATE_INFOPLIST_FILE = YES;
				INFOPLIST_KEY_CFBundleDisplayName = "Gym Reps Tracker";
				INFOPLIST_KEY_UIApplicationSceneManifest_Generation = YES;
				INFOPLIST_KEY_UIApplicationSupportsIndirectInputEvents = YES;
				INFOPLIST_KEY_UILaunchScreen_Generation = YES;
				INFOPLIST_KEY_UISupportedInterfaceOrientations = UIInterfaceOrientationPortrait;
				LD_RUNPATH_SEARCH_PATHS = (
					"$(inherited)",
					"@executable_path/Frameworks",
				);
				MARKETING_VERSION = 1.0;
				PRODUCT_BUNDLE_IDENTIFIER = Karim.GymReps;
				PRODUCT_NAME = "$(TARGET_NAME)";
				SWIFT_EMIT_LOC_STRINGS = YES;
				SWIFT_VERSION = 5.0;
				TARGETED_DEVICE_FAMILY = "1,2";
			};
			name = Release;
		};
		8A7DB9F42D34FB1900952FF5 /* Debug */ = {
			isa = XCBuildConfiguration;
			buildSettings = {
				BUNDLE_LOADER = "$(TEST_HOST)";
				CODE_SIGN_STYLE = Automatic;
				CURRENT_PROJECT_VERSION = 1;
				GENERATE_INFOPLIST_FILE = YES;
				IPHONEOS_DEPLOYMENT_TARGET = 18.2;
				MARKETING_VERSION = 1.0;
				PRODUCT_BUNDLE_IDENTIFIER = Karim.GymRepsTests;
				PRODUCT_NAME = "$(TARGET_NAME)";
				SWIFT_EMIT_LOC_STRINGS = NO;
				SWIFT_VERSION = 5.0;
				TARGETED_DEVICE_FAMILY = "1,2";
				TEST_HOST = "$(BUILT_PRODUCTS_DIR)/GymReps.app/$(BUNDLE_EXECUTABLE_FOLDER_PATH)/GymReps";
			};
			name = Debug;
		};
		8A7DB9F52D34FB1900952FF5 /* Release */ = {
			isa = XCBuildConfiguration;
			buildSettings = {
				BUNDLE_LOADER = "$(TEST_HOST)";
				CODE_SIGN_STYLE = Automatic;
				CURRENT_PROJECT_VERSION = 1;
				GENERATE_INFOPLIST_FILE = YES;
				IPHONEOS_DEPLOYMENT_TARGET = 18.2;
				MARKETING_VERSION = 1.0;
				PRODUCT_BUNDLE_IDENTIFIER = Karim.GymRepsTests;
				PRODUCT_NAME = "$(TARGET_NAME)";
				SWIFT_EMIT_LOC_STRINGS = NO;
				SWIFT_VERSION = 5.0;
				TARGETED_DEVICE_FAMILY = "1,2";
				TEST_HOST = "$(BUILT_PRODUCTS_DIR)/GymReps.app/$(BUNDLE_EXECUTABLE_FOLDER_PATH)/GymReps";
			};
			name = Release;
		};
		8A7DB9F72D34FB1900952FF5 /* Debug */ = {
			isa = XCBuildConfiguration;
			buildSettings = {
				CODE_SIGN_STYLE = Automatic;
				CURRENT_PROJECT_VERSION = 1;
				GENERATE_INFOPLIST_FILE = YES;
				MARKETING_VERSION = 1.0;
				PRODUCT_BUNDLE_IDENTIFIER = Karim.GymRepsUITests;
				PRODUCT_NAME = "$(TARGET_NAME)";
				SWIFT_EMIT_LOC_STRINGS = NO;
				SWIFT_VERSION = 5.0;
				TARGETED_DEVICE_FAMILY = "1,2";
				TEST_TARGET_NAME = GymReps;
			};
			name = Debug;
		};
		8A7DB9F82D34FB1900952FF5 /* Release */ = {
			isa = XCBuildConfiguration;
			buildSettings = {
				CODE_SIGN_STYLE = Automatic;
				CURRENT_PROJECT_VERSION = 1;
				GENERATE_INFOPLIST_FILE = YES;
				MARKETING_VERSION = 1.0;
				PRODUCT_BUNDLE_IDENTIFIER = Karim.GymRepsUITests;
				PRODUCT_NAME = "$(TARGET_NAME)";
				SWIFT_EMIT_LOC_STRINGS = NO;
				SWIFT_VERSION = 5.0;
				TARGETED_DEVICE_FAMILY = "1,2";
				TEST_TARGET_NAME = GymReps;
			};
			name = Release;
		};
/* End XCBuildConfiguration section */

/* Begin XCConfigurationList section */
		8A7DB9C72D34FB1600952FF5 /* Build configuration list for PBXProject "GymReps" */ = {
			isa = XCConfigurationList;
			buildConfigurations = (
				8A7DB9EE2D34FB1900952FF5 /* Debug */,
				8A7DB9EF2D34FB1900952FF5 /* Release */,
			);
			defaultConfigurationIsVisible = 0;
			defaultConfigurationName = Release;
		};
		8A7DB9F02D34FB1900952FF5 /* Build configuration list for PBXNativeTarget "GymReps" */ = {
			isa = XCConfigurationList;
			buildConfigurations = (
				8A7DB9F12D34FB1900952FF5 /* Debug */,
				8A7DB9F22D34FB1900952FF5 /* Release */,
			);
			defaultConfigurationIsVisible = 0;
			defaultConfigurationName = Release;
		};
		8A7DB9F32D34FB1900952FF5 /* Build configuration list for PBXNativeTarget "GymRepsTests" */ = {
			isa = XCConfigurationList;
			buildConfigurations = (
				8A7DB9F42D34FB1900952FF5 /* Debug */,
				8A7DB9F52D34FB1900952FF5 /* Release */,
			);
			defaultConfigurationIsVisible = 0;
			defaultConfigurationName = Release;
		};
		8A7DB9F62D34FB1900952FF5 /* Build configuration list for PBXNativeTarget "GymRepsUITests" */ = {
			isa = XCConfigurationList;
			buildConfigurations = (
				8A7DB9F72D34FB1900952FF5 /* Debug */,
				8A7DB9F82D34FB1900952FF5 /* Release */,
			);
			defaultConfigurationIsVisible = 0;
			defaultConfigurationName = Release;
		};
/* End XCConfigurationList section */

/* Begin XCRemoteSwiftPackageReference section */
		8ABE13CB2D350A8200D84DAF /* XCRemoteSwiftPackageReference "firebase-ios-sdk" */ = {
			isa = XCRemoteSwiftPackageReference;
			repositoryURL = "https://github.com/firebase/firebase-ios-sdk";
			requirement = {
				kind = upToNextMajorVersion;
				minimumVersion = 11.6.0;
			};
		};
/* End XCRemoteSwiftPackageReference section */

/* Begin XCSwiftPackageProductDependency section */
		8ABE13CC2D350ABE00D84DAF /* FirebaseAnalytics */ = {
			isa = XCSwiftPackageProductDependency;
			package = 8ABE13CB2D350A8200D84DAF /* XCRemoteSwiftPackageReference "firebase-ios-sdk" */;
			productName = FirebaseAnalytics;
		};
		8ABE13CE2D350ABE00D84DAF /* FirebaseAnalyticsOnDeviceConversion */ = {
			isa = XCSwiftPackageProductDependency;
			package = 8ABE13CB2D350A8200D84DAF /* XCRemoteSwiftPackageReference "firebase-ios-sdk" */;
			productName = FirebaseAnalyticsOnDeviceConversion;
		};
		8ABE13D02D350ABE00D84DAF /* FirebaseAnalyticsWithoutAdIdSupport */ = {
			isa = XCSwiftPackageProductDependency;
			package = 8ABE13CB2D350A8200D84DAF /* XCRemoteSwiftPackageReference "firebase-ios-sdk" */;
			productName = FirebaseAnalyticsWithoutAdIdSupport;
		};
		8ABE13D22D350ABE00D84DAF /* FirebaseAppCheck */ = {
			isa = XCSwiftPackageProductDependency;
			package = 8ABE13CB2D350A8200D84DAF /* XCRemoteSwiftPackageReference "firebase-ios-sdk" */;
			productName = FirebaseAppCheck;
		};
		8ABE13D42D350ABE00D84DAF /* FirebaseAppDistribution-Beta */ = {
			isa = XCSwiftPackageProductDependency;
			package = 8ABE13CB2D350A8200D84DAF /* XCRemoteSwiftPackageReference "firebase-ios-sdk" */;
			productName = "FirebaseAppDistribution-Beta";
		};
		8ABE140E2D35BFD900D84DAF /* FirebaseAuth */ = {
			isa = XCSwiftPackageProductDependency;
			package = 8ABE13CB2D350A8200D84DAF /* XCRemoteSwiftPackageReference "firebase-ios-sdk" */;
			productName = FirebaseAuth;
		};
		8ABE14102D35C1EB00D84DAF /* FirebaseFirestore */ = {
			isa = XCSwiftPackageProductDependency;
			package = 8ABE13CB2D350A8200D84DAF /* XCRemoteSwiftPackageReference "firebase-ios-sdk" */;
			productName = FirebaseFirestore;
		};
/* End XCSwiftPackageProductDependency section */
	};
	rootObject = 8A7DB9C42D34FB1600952FF5 /* Project object */;
}
